
Microsoft Visual Studio Solution File, Format Version 12.00
# Visual Studio Version 16
VisualStudioVersion = 16.0.33529.622
MinimumVisualStudioVersion = 10.0.40219.1
Project("{9A19103F-16F7-4668-BE54-9A1E7A4F7556}") = "DiceApi", "DiceApi\DiceApi.csproj", "{1AE26E6D-C28A-4137-A876-9E2EDFE35833}"
EndProject
Project("{9A19103F-16F7-4668-BE54-9A1E7A4F7556}") = "DiceApi.Services", "DiceApi.Services\DiceApi.Services.csproj", "{B219F481-979A-4DBB-B868-9FB912C800B8}"
EndProject
Project("{9A19103F-16F7-4668-BE54-9A1E7A4F7556}") = "DiceApi.DataAcces", "DiceApi.DataAcces\DiceApi.DataAcces.csproj", "{F4711FDF-7C7C-423A-BC44-D45C1884BDA6}"
EndProject
Project("{9A19103F-16F7-4668-BE54-9A1E7A4F7556}") = "DiceApi.Data", "DiceApi.Data\DiceApi.Data.csproj", "{9E23AC9C-12F2-4131-987C-8CE44198F7EE}"
EndProject
Project("{FAE04EC0-301F-11D3-BF4B-00C04F79EFBC}") = "DiceApi.Common", "DiceApi.Common\DiceApi.Common.csproj", "{14F39556-D1D0-4D65-8600-F178B83AE88D}"
EndProject
Global
	GlobalSection(SolutionConfigurationPlatforms) = preSolution
		Debug|Any CPU = Debug|Any CPU
		Release|Any CPU = Release|Any CPU
	EndGlobalSection
	GlobalSection(ProjectConfigurationPlatforms) = postSolution
		{1AE26E6D-C28A-4137-A876-9E2EDFE35833}.Debug|Any CPU.ActiveCfg = Debug|Any CPU
		{1AE26E6D-C28A-4137-A876-9E2EDFE35833}.Debug|Any CPU.Build.0 = Debug|Any CPU
		{1AE26E6D-C28A-4137-A876-9E2EDFE35833}.Release|Any CPU.ActiveCfg = Release|Any CPU
		{1AE26E6D-C28A-4137-A876-9E2EDFE35833}.Release|Any CPU.Build.0 = Release|Any CPU
		{B219F481-979A-4DBB-B868-9FB912C800B8}.Debug|Any CPU.ActiveCfg = Debug|Any CPU
		{B219F481-979A-4DBB-B868-9FB912C800B8}.Debug|Any CPU.Build.0 = Debug|Any CPU
		{B219F481-979A-4DBB-B868-9FB912C800B8}.Release|Any CPU.ActiveCfg = Release|Any CPU
		{B219F481-979A-4DBB-B868-9FB912C800B8}.Release|Any CPU.Build.0 = Release|Any CPU
		{F4711FDF-7C7C-423A-BC44-D45C1884BDA6}.Debug|Any CPU.ActiveCfg = Debug|Any CPU
		{F4711FDF-7C7C-423A-BC44-D45C1884BDA6}.Debug|Any CPU.Build.0 = Debug|Any CPU
		{F4711FDF-7C7C-423A-BC44-D45C1884BDA6}.Release|Any CPU.ActiveCfg = Release|Any CPU
		{F4711FDF-7C7C-423A-BC44-D45C1884BDA6}.Release|Any CPU.Build.0 = Release|Any CPU
		{9E23AC9C-12F2-4131-987C-8CE44198F7EE}.Debug|Any CPU.ActiveCfg = Debug|Any CPU
		{9E23AC9C-12F2-4131-987C-8CE44198F7EE}.Debug|Any CPU.Build.0 = Debug|Any CPU
		{9E23AC9C-12F2-4131-987C-8CE44198F7EE}.Release|Any CPU.ActiveCfg = Release|Any CPU
		{9E23AC9C-12F2-4131-987C-8CE44198F7EE}.Release|Any CPU.Build.0 = Release|Any CPU
		{14F39556-D1D0-4D65-8600-F178B83AE88D}.Debug|Any CPU.ActiveCfg = Debug|Any CPU
		{14F39556-D1D0-4D65-8600-F178B83AE88D}.Debug|Any CPU.Build.0 = Debug|Any CPU
		{14F39556-D1D0-4D65-8600-F178B83AE88D}.Release|Any CPU.ActiveCfg = Release|Any CPU
		{14F39556-D1D0-4D65-8600-F178B83AE88D}.Release|Any CPU.Build.0 = Release|Any CPU
	EndGlobalSection
	GlobalSection(SolutionProperties) = preSolution
		HideSolutionNode = FALSE
	EndGlobalSection
	GlobalSection(ExtensibilityGlobals) = postSolution
		SolutionGuid = {B4F9BE33-D08F-4976-8CEF-046601AF192F}
	EndGlobalSection
EndGlobal
